// !$*UTF8*$!
{
	archiveVersion = 1;
	classes = {
	};
	objectVersion = 46;
	objects = {

/* Begin PBXBuildFile section */
		B642C6369DAE6F51A02864A5 /* libPods-Gauss.a in Frameworks */ = {isa = PBXBuildFile; fileRef = F731575245052EA2617E6541 /* libPods-Gauss.a */; };
		DA1098AD1C89E7A4007AB688 /* vstatsstatus.m in Sources */ = {isa = PBXBuildFile; fileRef = DA1098AC1C89E7A4007AB688 /* vstatsstatus.m */; };
		DA2A09B81C88D022003A19F6 /* Images.xcassets in Resources */ = {isa = PBXBuildFile; fileRef = DA2A09B71C88D022003A19F6 /* Images.xcassets */; };
		DA2A09BC1C88DA99003A19F6 /* cstats.m in Sources */ = {isa = PBXBuildFile; fileRef = DA2A09BB1C88DA99003A19F6 /* cstats.m */; };
		DA2A09C01C88DAD0003A19F6 /* vstats.m in Sources */ = {isa = PBXBuildFile; fileRef = DA2A09BF1C88DAD0003A19F6 /* vstats.m */; };
		DA2A09C41C88E3C6003A19F6 /* cplay.m in Sources */ = {isa = PBXBuildFile; fileRef = DA2A09C31C88E3C6003A19F6 /* cplay.m */; };
		DA2A09C71C88E4A8003A19F6 /* cplayitem.m in Sources */ = {isa = PBXBuildFile; fileRef = DA2A09C61C88E4A8003A19F6 /* cplayitem.m */; };
		DA2A09D41C891890003A19F6 /* vstatsbar.m in Sources */ = {isa = PBXBuildFile; fileRef = DA2A09D31C891890003A19F6 /* vstatsbar.m */; };
		DA2A09D71C891B80003A19F6 /* vstatsinfo.m in Sources */ = {isa = PBXBuildFile; fileRef = DA2A09D61C891B80003A19F6 /* vstatsinfo.m */; };
		DA2A09DB1C892232003A19F6 /* mcourse.m in Sources */ = {isa = PBXBuildFile; fileRef = DA2A09DA1C892232003A19F6 /* mcourse.m */; };
		DA2A09DE1C892277003A19F6 /* mcourseitem.m in Sources */ = {isa = PBXBuildFile; fileRef = DA2A09DD1C892277003A19F6 /* mcourseitem.m */; };
		DA2A09E71C892347003A19F6 /* mcourseitemadd.m in Sources */ = {isa = PBXBuildFile; fileRef = DA2A09E61C892347003A19F6 /* mcourseitemadd.m */; };
		DA2A09EA1C892351003A19F6 /* mcourseitemsubs.m in Sources */ = {isa = PBXBuildFile; fileRef = DA2A09E91C892351003A19F6 /* mcourseitemsubs.m */; };
		DA2A09ED1C892499003A19F6 /* mcourseitemchapter.m in Sources */ = {isa = PBXBuildFile; fileRef = DA2A09EC1C892499003A19F6 /* mcourseitemchapter.m */; };
		DA2A09F21C892563003A19F6 /* mcourseadd1.m in Sources */ = {isa = PBXBuildFile; fileRef = DA2A09F11C892563003A19F6 /* mcourseadd1.m */; };
		DA2A09F51C89256F003A19F6 /* mcourseadd2.m in Sources */ = {isa = PBXBuildFile; fileRef = DA2A09F41C89256F003A19F6 /* mcourseadd2.m */; };
		DA2A09F81C89257B003A19F6 /* mcoursesubs1.m in Sources */ = {isa = PBXBuildFile; fileRef = DA2A09F71C89257B003A19F6 /* mcoursesubs1.m */; };
		DA2A09FB1C892586003A19F6 /* mcoursesubs2.m in Sources */ = {isa = PBXBuildFile; fileRef = DA2A09FA1C892586003A19F6 /* mcoursesubs2.m */; };
		DA2A09FE1C893F3F003A19F6 /* vstatsheader.m in Sources */ = {isa = PBXBuildFile; fileRef = DA2A09FD1C893F3F003A19F6 /* vstatsheader.m */; };
		DA2A0A011C894007003A19F6 /* vstatscell.m in Sources */ = {isa = PBXBuildFile; fileRef = DA2A0A001C894007003A19F6 /* vstatscell.m */; };
		DA46B9C61C8FB1E300AA8421 /* vclock.m in Sources */ = {isa = PBXBuildFile; fileRef = DA46B9C51C8FB1E300AA8421 /* vclock.m */; };
		DA46B9C91C8FB31D00AA8421 /* vclockline.m in Sources */ = {isa = PBXBuildFile; fileRef = DA46B9C81C8FB31D00AA8421 /* vclockline.m */; };
		DA894E3B1C90B2FE00EDD0F4 /* cplayfinish.m in Sources */ = {isa = PBXBuildFile; fileRef = DA894E3A1C90B2FE00EDD0F4 /* cplayfinish.m */; };
		DA894E531C90B42300EDD0F4 /* vplayitem.m in Sources */ = {isa = PBXBuildFile; fileRef = DA894E3E1C90B42300EDD0F4 /* vplayitem.m */; };
		DA894E541C90B42300EDD0F4 /* vplayitembar.m in Sources */ = {isa = PBXBuildFile; fileRef = DA894E401C90B42300EDD0F4 /* vplayitembar.m */; };
		DA894E551C90B42300EDD0F4 /* vplayitemchallenge.m in Sources */ = {isa = PBXBuildFile; fileRef = DA894E421C90B42300EDD0F4 /* vplayitemchallenge.m */; };
		DA894E561C90B42300EDD0F4 /* vplayitemchallengeequals.m in Sources */ = {isa = PBXBuildFile; fileRef = DA894E441C90B42300EDD0F4 /* vplayitemchallengeequals.m */; };
		DA894E571C90B42300EDD0F4 /* vplayitemchallengeoperand.m in Sources */ = {isa = PBXBuildFile; fileRef = DA894E461C90B42300EDD0F4 /* vplayitemchallengeoperand.m */; };
		DA894E581C90B42300EDD0F4 /* vplayitemchallengeoperation.m in Sources */ = {isa = PBXBuildFile; fileRef = DA894E481C90B42300EDD0F4 /* vplayitemchallengeoperation.m */; };
		DA894E591C90B42300EDD0F4 /* vplayitemchallengeresult.m in Sources */ = {isa = PBXBuildFile; fileRef = DA894E4A1C90B42300EDD0F4 /* vplayitemchallengeresult.m */; };
		DA894E5A1C90B42300EDD0F4 /* vplayitemchallengetrivia.m in Sources */ = {isa = PBXBuildFile; fileRef = DA894E4C1C90B42300EDD0F4 /* vplayitemchallengetrivia.m */; };
		DA894E5B1C90B42300EDD0F4 /* vplayitemchallengetriviainput.m in Sources */ = {isa = PBXBuildFile; fileRef = DA894E4E1C90B42300EDD0F4 /* vplayitemchallengetriviainput.m */; };
		DA894E5C1C90B42300EDD0F4 /* vplayitemcontrols.m in Sources */ = {isa = PBXBuildFile; fileRef = DA894E501C90B42300EDD0F4 /* vplayitemcontrols.m */; };
		DA894E5D1C90B42300EDD0F4 /* vplayitemloader.m in Sources */ = {isa = PBXBuildFile; fileRef = DA894E521C90B42300EDD0F4 /* vplayitemloader.m */; };
		DA894E621C90B49400EDD0F4 /* vplayfinish.m in Sources */ = {isa = PBXBuildFile; fileRef = DA894E611C90B49400EDD0F4 /* vplayfinish.m */; };
		DA894E651C90BB4100EDD0F4 /* vplayfinishbar.m in Sources */ = {isa = PBXBuildFile; fileRef = DA894E641C90BB4100EDD0F4 /* vplayfinishbar.m */; };
		DA894E681C90BE7200EDD0F4 /* vplayfinishpaychart.m in Sources */ = {isa = PBXBuildFile; fileRef = DA894E671C90BE7200EDD0F4 /* vplayfinishpaychart.m */; };
		DA894E6B1C90C08200EDD0F4 /* vplayfinishcell.m in Sources */ = {isa = PBXBuildFile; fileRef = DA894E6A1C90C08200EDD0F4 /* vplayfinishcell.m */; };
		DA894E6E1C90C30500EDD0F4 /* mplayfinish.m in Sources */ = {isa = PBXBuildFile; fileRef = DA894E6D1C90C30500EDD0F4 /* mplayfinish.m */; };
		DA894E711C90C41900EDD0F4 /* mplayfinishcell.m in Sources */ = {isa = PBXBuildFile; fileRef = DA894E701C90C41900EDD0F4 /* mplayfinishcell.m */; };
		DA894E741C90C42E00EDD0F4 /* mplayfinishcellfails.m in Sources */ = {isa = PBXBuildFile; fileRef = DA894E731C90C42E00EDD0F4 /* mplayfinishcellfails.m */; };
		DA894E771C90C44400EDD0F4 /* mplayfinishcellgeneral.m in Sources */ = {isa = PBXBuildFile; fileRef = DA894E761C90C44400EDD0F4 /* mplayfinishcellgeneral.m */; };
		DA894E7A1C90C45100EDD0F4 /* mplayfinishcellpoints.m in Sources */ = {isa = PBXBuildFile; fileRef = DA894E791C90C45100EDD0F4 /* mplayfinishcellpoints.m */; };
		DA894E7D1C90D11000EDD0F4 /* vplayfinishgeneral.m in Sources */ = {isa = PBXBuildFile; fileRef = DA894E7C1C90D11000EDD0F4 /* vplayfinishgeneral.m */; };
		DACCC1251C8DC86B00754C2C /* mchallenge.m in Sources */ = {isa = PBXBuildFile; fileRef = DACCC1241C8DC86B00754C2C /* mchallenge.m */; };
		DACCC1281C8DE42700754C2C /* mchallengetime.m in Sources */ = {isa = PBXBuildFile; fileRef = DACCC1271C8DE42700754C2C /* mchallengetime.m */; };
		DACCC12E1C8DE5D500754C2C /* scourse.m in Sources */ = {isa = PBXBuildFile; fileRef = DACCC12D1C8DE5D500754C2C /* scourse.m */; };
		DACCC1311C8DED0600754C2C /* scourseadd1.m in Sources */ = {isa = PBXBuildFile; fileRef = DACCC1301C8DED0600754C2C /* scourseadd1.m */; };
		DACCC1351C8DF12200754C2C /* moperation.m in Sources */ = {isa = PBXBuildFile; fileRef = DACCC1341C8DF12200754C2C /* moperation.m */; };
		DACCC1381C8DF21700754C2C /* moperationadd.m in Sources */ = {isa = PBXBuildFile; fileRef = DACCC1371C8DF21700754C2C /* moperationadd.m */; };
		DACCC13B1C8E025D00754C2C /* mchallengeoperand.m in Sources */ = {isa = PBXBuildFile; fileRef = DACCC13A1C8E025D00754C2C /* mchallengeoperand.m */; };
		DACCC13E1C8E1A3400754C2C /* mchallengeoperandint.m in Sources */ = {isa = PBXBuildFile; fileRef = DACCC13D1C8E1A3400754C2C /* mchallengeoperandint.m */; };
		DACCC1411C8E1A4100754C2C /* mchallengeoperanddouble.m in Sources */ = {isa = PBXBuildFile; fileRef = DACCC1401C8E1A4100754C2C /* mchallengeoperanddouble.m */; };
		DACCC1481C8E433400754C2C /* mplayitem.m in Sources */ = {isa = PBXBuildFile; fileRef = DACCC1471C8E433400754C2C /* mplayitem.m */; };
		DACCC14B1C8E443900754C2C /* mplayitemcell.m in Sources */ = {isa = PBXBuildFile; fileRef = DACCC14A1C8E443900754C2C /* mplayitemcell.m */; };
		DACCC14E1C8E46C500754C2C /* mplayitemcelloperand.m in Sources */ = {isa = PBXBuildFile; fileRef = DACCC14D1C8E46C500754C2C /* mplayitemcelloperand.m */; };
		DACCC1511C8E46EB00754C2C /* mplayitemcelloperation.m in Sources */ = {isa = PBXBuildFile; fileRef = DACCC1501C8E46EB00754C2C /* mplayitemcelloperation.m */; };
		DACCC1541C8E470700754C2C /* mplayitemcellequals.m in Sources */ = {isa = PBXBuildFile; fileRef = DACCC1531C8E470700754C2C /* mplayitemcellequals.m */; };
		DACCC1571C8E471400754C2C /* mplayitemcellresult.m in Sources */ = {isa = PBXBuildFile; fileRef = DACCC1561C8E471400754C2C /* mplayitemcellresult.m */; };
		DACCC15A1C8E472B00754C2C /* mplayitemcelltrivia.m in Sources */ = {isa = PBXBuildFile; fileRef = DACCC1591C8E472B00754C2C /* mplayitemcelltrivia.m */; };
		DAD676211C88BD6D00AC41FD /* gauss.db in Resources */ = {isa = PBXBuildFile; fileRef = DAD675DC1C88BD6D00AC41FD /* gauss.db */; };
		DAD676221C88BD6D00AC41FD /* imateq.xcassets in Resources */ = {isa = PBXBuildFile; fileRef = DAD675DD1C88BD6D00AC41FD /* imateq.xcassets */; };
		DAD676231C88BD6D00AC41FD /* analytics.plist in Resources */ = {isa = PBXBuildFile; fileRef = DAD675DF1C88BD6D00AC41FD /* analytics.plist */; };
		DAD676241C88BD6D00AC41FD /* defs.plist in Resources */ = {isa = PBXBuildFile; fileRef = DAD675E01C88BD6D00AC41FD /* defs.plist */; };
		DAD676251C88BD6D00AC41FD /* Localizable.strings in Resources */ = {isa = PBXBuildFile; fileRef = DAD675E11C88BD6D00AC41FD /* Localizable.strings */; };
		DAD676261C88BD6D00AC41FD /* appdel.m in Sources */ = {isa = PBXBuildFile; fileRef = DAD675E71C88BD6D00AC41FD /* appdel.m */; };
		DAD676281C88BD6D00AC41FD /* main.m in Sources */ = {isa = PBXBuildFile; fileRef = DAD675E91C88BD6D00AC41FD /* main.m */; };
		DAD676291C88BD6D00AC41FD /* analytics.m in Sources */ = {isa = PBXBuildFile; fileRef = DAD675EC1C88BD6D00AC41FD /* analytics.m */; };
		DAD6762A1C88BD6D00AC41FD /* tools.m in Sources */ = {isa = PBXBuildFile; fileRef = DAD675F01C88BD6D00AC41FD /* tools.m */; };
		DAD6762B1C88BD6D00AC41FD /* updater.m in Sources */ = {isa = PBXBuildFile; fileRef = DAD675F21C88BD6D00AC41FD /* updater.m */; };
		DAD6762C1C88BD6D00AC41FD /* libdb.a in Frameworks */ = {isa = PBXBuildFile; fileRef = DAD675F81C88BD6D00AC41FD /* libdb.a */; };
		DAD6762D1C88BD6D00AC41FD /* libtimerbg.a in Frameworks */ = {isa = PBXBuildFile; fileRef = DAD675F91C88BD6D00AC41FD /* libtimerbg.a */; };
		DAD6762E1C88BD6D00AC41FD /* cmain.m in Sources */ = {isa = PBXBuildFile; fileRef = DAD675FF1C88BD6D00AC41FD /* cmain.m */; };
		DAD676301C88BD6D00AC41FD /* mdb.m in Sources */ = {isa = PBXBuildFile; fileRef = DAD676061C88BD6D00AC41FD /* mdb.m */; };
		DAD676311C88BD6D00AC41FD /* mdbcreate.m in Sources */ = {isa = PBXBuildFile; fileRef = DAD676081C88BD6D00AC41FD /* mdbcreate.m */; };
		DAD676331C88BD6D00AC41FD /* mdirs.m in Sources */ = {isa = PBXBuildFile; fileRef = DAD6760D1C88BD6D00AC41FD /* mdirs.m */; };
		DAD676341C88BD6D00AC41FD /* msettings.m in Sources */ = {isa = PBXBuildFile; fileRef = DAD676111C88BD6D00AC41FD /* msettings.m */; };
		DAD676361C88BD6D00AC41FD /* vblur.m in Sources */ = {isa = PBXBuildFile; fileRef = DAD6761B1C88BD6D00AC41FD /* vblur.m */; };
		DAD676371C88BD6D00AC41FD /* viewbase.m in Sources */ = {isa = PBXBuildFile; fileRef = DAD6761D1C88BD6D00AC41FD /* viewbase.m */; };
		DAD676381C88BD6D00AC41FD /* vspinner.m in Sources */ = {isa = PBXBuildFile; fileRef = DAD6761F1C88BD6D00AC41FD /* vspinner.m */; };
		DAD6763B1C88BE5E00AC41FD /* cpages.m in Sources */ = {isa = PBXBuildFile; fileRef = DAD6763A1C88BE5E00AC41FD /* cpages.m */; };
		DAD6763E1C88BE9F00AC41FD /* valert.m in Sources */ = {isa = PBXBuildFile; fileRef = DAD6763D1C88BE9F00AC41FD /* valert.m */; };
/* End PBXBuildFile section */

/* Begin PBXFileReference section */
		1041ABD466E7E956A4BCCEC7 /* Pods-Gauss.release.xcconfig */ = {isa = PBXFileReference; includeInIndex = 1; lastKnownFileType = text.xcconfig; name = "Pods-Gauss.release.xcconfig"; path = "Pods/Target Support Files/Pods-Gauss/Pods-Gauss.release.xcconfig"; sourceTree = "<group>"; };
		3F43EDE9F8684A076E74D99C /* Pods-Gauss.debug.xcconfig */ = {isa = PBXFileReference; includeInIndex = 1; lastKnownFileType = text.xcconfig; name = "Pods-Gauss.debug.xcconfig"; path = "Pods/Target Support Files/Pods-Gauss/Pods-Gauss.debug.xcconfig"; sourceTree = "<group>"; };
		DA1098AB1C89E7A4007AB688 /* vstatsstatus.h */ = {isa = PBXFileReference; fileEncoding = 4; lastKnownFileType = sourcecode.c.h; path = vstatsstatus.h; sourceTree = "<group>"; };
		DA1098AC1C89E7A4007AB688 /* vstatsstatus.m */ = {isa = PBXFileReference; fileEncoding = 4; lastKnownFileType = sourcecode.c.objc; path = vstatsstatus.m; sourceTree = "<group>"; };
		DA2A09B51C88C385003A19F6 /* private.h */ = {isa = PBXFileReference; fileEncoding = 4; lastKnownFileType = sourcecode.c.h; path = private.h; sourceTree = "<group>"; };
		DA2A09B61C88C385003A19F6 /* privateconstants.h */ = {isa = PBXFileReference; fileEncoding = 4; lastKnownFileType = sourcecode.c.h; path = privateconstants.h; sourceTree = "<group>"; };
		DA2A09B71C88D022003A19F6 /* Images.xcassets */ = {isa = PBXFileReference; lastKnownFileType = folder.assetcatalog; path = Images.xcassets; sourceTree = "<group>"; };
		DA2A09BA1C88DA99003A19F6 /* cstats.h */ = {isa = PBXFileReference; fileEncoding = 4; lastKnownFileType = sourcecode.c.h; path = cstats.h; sourceTree = "<group>"; };
		DA2A09BB1C88DA99003A19F6 /* cstats.m */ = {isa = PBXFileReference; fileEncoding = 4; lastKnownFileType = sourcecode.c.objc; path = cstats.m; sourceTree = "<group>"; };
		DA2A09BE1C88DAD0003A19F6 /* vstats.h */ = {isa = PBXFileReference; fileEncoding = 4; lastKnownFileType = sourcecode.c.h; path = vstats.h; sourceTree = "<group>"; };
		DA2A09BF1C88DAD0003A19F6 /* vstats.m */ = {isa = PBXFileReference; fileEncoding = 4; lastKnownFileType = sourcecode.c.objc; path = vstats.m; sourceTree = "<group>"; };
		DA2A09C21C88E3C6003A19F6 /* cplay.h */ = {isa = PBXFileReference; fileEncoding = 4; lastKnownFileType = sourcecode.c.h; path = cplay.h; sourceTree = "<group>"; };
		DA2A09C31C88E3C6003A19F6 /* cplay.m */ = {isa = PBXFileReference; fileEncoding = 4; lastKnownFileType = sourcecode.c.objc; path = cplay.m; sourceTree = "<group>"; };
		DA2A09C51C88E4A8003A19F6 /* cplayitem.h */ = {isa = PBXFileReference; fileEncoding = 4; lastKnownFileType = sourcecode.c.h; path = cplayitem.h; sourceTree = "<group>"; };
		DA2A09C61C88E4A8003A19F6 /* cplayitem.m */ = {isa = PBXFileReference; fileEncoding = 4; lastKnownFileType = sourcecode.c.objc; path = cplayitem.m; sourceTree = "<group>"; };
		DA2A09D21C891890003A19F6 /* vstatsbar.h */ = {isa = PBXFileReference; fileEncoding = 4; lastKnownFileType = sourcecode.c.h; path = vstatsbar.h; sourceTree = "<group>"; };
		DA2A09D31C891890003A19F6 /* vstatsbar.m */ = {isa = PBXFileReference; fileEncoding = 4; lastKnownFileType = sourcecode.c.objc; path = vstatsbar.m; sourceTree = "<group>"; };
		DA2A09D51C891B80003A19F6 /* vstatsinfo.h */ = {isa = PBXFileReference; fileEncoding = 4; lastKnownFileType = sourcecode.c.h; path = vstatsinfo.h; sourceTree = "<group>"; };
		DA2A09D61C891B80003A19F6 /* vstatsinfo.m */ = {isa = PBXFileReference; fileEncoding = 4; lastKnownFileType = sourcecode.c.objc; path = vstatsinfo.m; sourceTree = "<group>"; };
		DA2A09D91C892232003A19F6 /* mcourse.h */ = {isa = PBXFileReference; fileEncoding = 4; lastKnownFileType = sourcecode.c.h; path = mcourse.h; sourceTree = "<group>"; };
		DA2A09DA1C892232003A19F6 /* mcourse.m */ = {isa = PBXFileReference; fileEncoding = 4; lastKnownFileType = sourcecode.c.objc; path = mcourse.m; sourceTree = "<group>"; };
		DA2A09DC1C892277003A19F6 /* mcourseitem.h */ = {isa = PBXFileReference; fileEncoding = 4; lastKnownFileType = sourcecode.c.h; path = mcourseitem.h; sourceTree = "<group>"; };
		DA2A09DD1C892277003A19F6 /* mcourseitem.m */ = {isa = PBXFileReference; fileEncoding = 4; lastKnownFileType = sourcecode.c.objc; path = mcourseitem.m; sourceTree = "<group>"; };
		DA2A09E51C892347003A19F6 /* mcourseitemadd.h */ = {isa = PBXFileReference; fileEncoding = 4; lastKnownFileType = sourcecode.c.h; path = mcourseitemadd.h; sourceTree = "<group>"; };
		DA2A09E61C892347003A19F6 /* mcourseitemadd.m */ = {isa = PBXFileReference; fileEncoding = 4; lastKnownFileType = sourcecode.c.objc; path = mcourseitemadd.m; sourceTree = "<group>"; };
		DA2A09E81C892351003A19F6 /* mcourseitemsubs.h */ = {isa = PBXFileReference; fileEncoding = 4; lastKnownFileType = sourcecode.c.h; path = mcourseitemsubs.h; sourceTree = "<group>"; };
		DA2A09E91C892351003A19F6 /* mcourseitemsubs.m */ = {isa = PBXFileReference; fileEncoding = 4; lastKnownFileType = sourcecode.c.objc; path = mcourseitemsubs.m; sourceTree = "<group>"; };
		DA2A09EB1C892499003A19F6 /* mcourseitemchapter.h */ = {isa = PBXFileReference; fileEncoding = 4; lastKnownFileType = sourcecode.c.h; path = mcourseitemchapter.h; sourceTree = "<group>"; };
		DA2A09EC1C892499003A19F6 /* mcourseitemchapter.m */ = {isa = PBXFileReference; fileEncoding = 4; lastKnownFileType = sourcecode.c.objc; path = mcourseitemchapter.m; sourceTree = "<group>"; };
		DA2A09F01C892563003A19F6 /* mcourseadd1.h */ = {isa = PBXFileReference; fileEncoding = 4; lastKnownFileType = sourcecode.c.h; path = mcourseadd1.h; sourceTree = "<group>"; };
		DA2A09F11C892563003A19F6 /* mcourseadd1.m */ = {isa = PBXFileReference; fileEncoding = 4; lastKnownFileType = sourcecode.c.objc; path = mcourseadd1.m; sourceTree = "<group>"; };
		DA2A09F31C89256F003A19F6 /* mcourseadd2.h */ = {isa = PBXFileReference; fileEncoding = 4; lastKnownFileType = sourcecode.c.h; path = mcourseadd2.h; sourceTree = "<group>"; };
		DA2A09F41C89256F003A19F6 /* mcourseadd2.m */ = {isa = PBXFileReference; fileEncoding = 4; lastKnownFileType = sourcecode.c.objc; path = mcourseadd2.m; sourceTree = "<group>"; };
		DA2A09F61C89257B003A19F6 /* mcoursesubs1.h */ = {isa = PBXFileReference; fileEncoding = 4; lastKnownFileType = sourcecode.c.h; path = mcoursesubs1.h; sourceTree = "<group>"; };
		DA2A09F71C89257B003A19F6 /* mcoursesubs1.m */ = {isa = PBXFileReference; fileEncoding = 4; lastKnownFileType = sourcecode.c.objc; path = mcoursesubs1.m; sourceTree = "<group>"; };
		DA2A09F91C892586003A19F6 /* mcoursesubs2.h */ = {isa = PBXFileReference; fileEncoding = 4; lastKnownFileType = sourcecode.c.h; path = mcoursesubs2.h; sourceTree = "<group>"; };
		DA2A09FA1C892586003A19F6 /* mcoursesubs2.m */ = {isa = PBXFileReference; fileEncoding = 4; lastKnownFileType = sourcecode.c.objc; path = mcoursesubs2.m; sourceTree = "<group>"; };
		DA2A09FC1C893F3F003A19F6 /* vstatsheader.h */ = {isa = PBXFileReference; fileEncoding = 4; lastKnownFileType = sourcecode.c.h; path = vstatsheader.h; sourceTree = "<group>"; };
		DA2A09FD1C893F3F003A19F6 /* vstatsheader.m */ = {isa = PBXFileReference; fileEncoding = 4; lastKnownFileType = sourcecode.c.objc; path = vstatsheader.m; sourceTree = "<group>"; };
		DA2A09FF1C894007003A19F6 /* vstatscell.h */ = {isa = PBXFileReference; fileEncoding = 4; lastKnownFileType = sourcecode.c.h; path = vstatscell.h; sourceTree = "<group>"; };
		DA2A0A001C894007003A19F6 /* vstatscell.m */ = {isa = PBXFileReference; fileEncoding = 4; lastKnownFileType = sourcecode.c.objc; path = vstatscell.m; sourceTree = "<group>"; };
		DA3AB4231C9066F600D233AE /* vclockprotocol.h */ = {isa = PBXFileReference; fileEncoding = 4; lastKnownFileType = sourcecode.c.h; path = vclockprotocol.h; sourceTree = "<group>"; };
		DA40FBB01C88A4F5009B974B /* Gauss.app */ = {isa = PBXFileReference; explicitFileType = wrapper.application; includeInIndex = 0; path = Gauss.app; sourceTree = BUILT_PRODUCTS_DIR; };
		DA46B9C41C8FB1E300AA8421 /* vclock.h */ = {isa = PBXFileReference; fileEncoding = 4; lastKnownFileType = sourcecode.c.h; path = vclock.h; sourceTree = "<group>"; };
		DA46B9C51C8FB1E300AA8421 /* vclock.m */ = {isa = PBXFileReference; fileEncoding = 4; lastKnownFileType = sourcecode.c.objc; path = vclock.m; sourceTree = "<group>"; };
		DA46B9C71C8FB31D00AA8421 /* vclockline.h */ = {isa = PBXFileReference; fileEncoding = 4; lastKnownFileType = sourcecode.c.h; path = vclockline.h; sourceTree = "<group>"; };
		DA46B9C81C8FB31D00AA8421 /* vclockline.m */ = {isa = PBXFileReference; fileEncoding = 4; lastKnownFileType = sourcecode.c.objc; path = vclockline.m; sourceTree = "<group>"; };
		DA894E391C90B2FE00EDD0F4 /* cplayfinish.h */ = {isa = PBXFileReference; fileEncoding = 4; lastKnownFileType = sourcecode.c.h; path = cplayfinish.h; sourceTree = "<group>"; };
		DA894E3A1C90B2FE00EDD0F4 /* cplayfinish.m */ = {isa = PBXFileReference; fileEncoding = 4; lastKnownFileType = sourcecode.c.objc; path = cplayfinish.m; sourceTree = "<group>"; };
		DA894E3D1C90B42300EDD0F4 /* vplayitem.h */ = {isa = PBXFileReference; fileEncoding = 4; lastKnownFileType = sourcecode.c.h; path = vplayitem.h; sourceTree = "<group>"; };
		DA894E3E1C90B42300EDD0F4 /* vplayitem.m */ = {isa = PBXFileReference; fileEncoding = 4; lastKnownFileType = sourcecode.c.objc; path = vplayitem.m; sourceTree = "<group>"; };
		DA894E3F1C90B42300EDD0F4 /* vplayitembar.h */ = {isa = PBXFileReference; fileEncoding = 4; lastKnownFileType = sourcecode.c.h; path = vplayitembar.h; sourceTree = "<group>"; };
		DA894E401C90B42300EDD0F4 /* vplayitembar.m */ = {isa = PBXFileReference; fileEncoding = 4; lastKnownFileType = sourcecode.c.objc; path = vplayitembar.m; sourceTree = "<group>"; };
		DA894E411C90B42300EDD0F4 /* vplayitemchallenge.h */ = {isa = PBXFileReference; fileEncoding = 4; lastKnownFileType = sourcecode.c.h; path = vplayitemchallenge.h; sourceTree = "<group>"; };
		DA894E421C90B42300EDD0F4 /* vplayitemchallenge.m */ = {isa = PBXFileReference; fileEncoding = 4; lastKnownFileType = sourcecode.c.objc; path = vplayitemchallenge.m; sourceTree = "<group>"; };
		DA894E431C90B42300EDD0F4 /* vplayitemchallengeequals.h */ = {isa = PBXFileReference; fileEncoding = 4; lastKnownFileType = sourcecode.c.h; path = vplayitemchallengeequals.h; sourceTree = "<group>"; };
		DA894E441C90B42300EDD0F4 /* vplayitemchallengeequals.m */ = {isa = PBXFileReference; fileEncoding = 4; lastKnownFileType = sourcecode.c.objc; path = vplayitemchallengeequals.m; sourceTree = "<group>"; };
		DA894E451C90B42300EDD0F4 /* vplayitemchallengeoperand.h */ = {isa = PBXFileReference; fileEncoding = 4; lastKnownFileType = sourcecode.c.h; path = vplayitemchallengeoperand.h; sourceTree = "<group>"; };
		DA894E461C90B42300EDD0F4 /* vplayitemchallengeoperand.m */ = {isa = PBXFileReference; fileEncoding = 4; lastKnownFileType = sourcecode.c.objc; path = vplayitemchallengeoperand.m; sourceTree = "<group>"; };
		DA894E471C90B42300EDD0F4 /* vplayitemchallengeoperation.h */ = {isa = PBXFileReference; fileEncoding = 4; lastKnownFileType = sourcecode.c.h; path = vplayitemchallengeoperation.h; sourceTree = "<group>"; };
		DA894E481C90B42300EDD0F4 /* vplayitemchallengeoperation.m */ = {isa = PBXFileReference; fileEncoding = 4; lastKnownFileType = sourcecode.c.objc; path = vplayitemchallengeoperation.m; sourceTree = "<group>"; };
		DA894E491C90B42300EDD0F4 /* vplayitemchallengeresult.h */ = {isa = PBXFileReference; fileEncoding = 4; lastKnownFileType = sourcecode.c.h; path = vplayitemchallengeresult.h; sourceTree = "<group>"; };
		DA894E4A1C90B42300EDD0F4 /* vplayitemchallengeresult.m */ = {isa = PBXFileReference; fileEncoding = 4; lastKnownFileType = sourcecode.c.objc; path = vplayitemchallengeresult.m; sourceTree = "<group>"; };
		DA894E4B1C90B42300EDD0F4 /* vplayitemchallengetrivia.h */ = {isa = PBXFileReference; fileEncoding = 4; lastKnownFileType = sourcecode.c.h; path = vplayitemchallengetrivia.h; sourceTree = "<group>"; };
		DA894E4C1C90B42300EDD0F4 /* vplayitemchallengetrivia.m */ = {isa = PBXFileReference; fileEncoding = 4; lastKnownFileType = sourcecode.c.objc; path = vplayitemchallengetrivia.m; sourceTree = "<group>"; };
		DA894E4D1C90B42300EDD0F4 /* vplayitemchallengetriviainput.h */ = {isa = PBXFileReference; fileEncoding = 4; lastKnownFileType = sourcecode.c.h; path = vplayitemchallengetriviainput.h; sourceTree = "<group>"; };
		DA894E4E1C90B42300EDD0F4 /* vplayitemchallengetriviainput.m */ = {isa = PBXFileReference; fileEncoding = 4; lastKnownFileType = sourcecode.c.objc; path = vplayitemchallengetriviainput.m; sourceTree = "<group>"; };
		DA894E4F1C90B42300EDD0F4 /* vplayitemcontrols.h */ = {isa = PBXFileReference; fileEncoding = 4; lastKnownFileType = sourcecode.c.h; path = vplayitemcontrols.h; sourceTree = "<group>"; };
		DA894E501C90B42300EDD0F4 /* vplayitemcontrols.m */ = {isa = PBXFileReference; fileEncoding = 4; lastKnownFileType = sourcecode.c.objc; path = vplayitemcontrols.m; sourceTree = "<group>"; };
		DA894E511C90B42300EDD0F4 /* vplayitemloader.h */ = {isa = PBXFileReference; fileEncoding = 4; lastKnownFileType = sourcecode.c.h; path = vplayitemloader.h; sourceTree = "<group>"; };
		DA894E521C90B42300EDD0F4 /* vplayitemloader.m */ = {isa = PBXFileReference; fileEncoding = 4; lastKnownFileType = sourcecode.c.objc; path = vplayitemloader.m; sourceTree = "<group>"; };
		DA894E601C90B49400EDD0F4 /* vplayfinish.h */ = {isa = PBXFileReference; fileEncoding = 4; lastKnownFileType = sourcecode.c.h; path = vplayfinish.h; sourceTree = "<group>"; };
		DA894E611C90B49400EDD0F4 /* vplayfinish.m */ = {isa = PBXFileReference; fileEncoding = 4; lastKnownFileType = sourcecode.c.objc; path = vplayfinish.m; sourceTree = "<group>"; };
		DA894E631C90BB4100EDD0F4 /* vplayfinishbar.h */ = {isa = PBXFileReference; fileEncoding = 4; lastKnownFileType = sourcecode.c.h; path = vplayfinishbar.h; sourceTree = "<group>"; };
		DA894E641C90BB4100EDD0F4 /* vplayfinishbar.m */ = {isa = PBXFileReference; fileEncoding = 4; lastKnownFileType = sourcecode.c.objc; path = vplayfinishbar.m; sourceTree = "<group>"; };
		DA894E661C90BE7200EDD0F4 /* vplayfinishpaychart.h */ = {isa = PBXFileReference; fileEncoding = 4; lastKnownFileType = sourcecode.c.h; path = vplayfinishpaychart.h; sourceTree = "<group>"; };
		DA894E671C90BE7200EDD0F4 /* vplayfinishpaychart.m */ = {isa = PBXFileReference; fileEncoding = 4; lastKnownFileType = sourcecode.c.objc; path = vplayfinishpaychart.m; sourceTree = "<group>"; };
		DA894E691C90C08200EDD0F4 /* vplayfinishcell.h */ = {isa = PBXFileReference; fileEncoding = 4; lastKnownFileType = sourcecode.c.h; path = vplayfinishcell.h; sourceTree = "<group>"; };
		DA894E6A1C90C08200EDD0F4 /* vplayfinishcell.m */ = {isa = PBXFileReference; fileEncoding = 4; lastKnownFileType = sourcecode.c.objc; path = vplayfinishcell.m; sourceTree = "<group>"; };
		DA894E6C1C90C30500EDD0F4 /* mplayfinish.h */ = {isa = PBXFileReference; fileEncoding = 4; lastKnownFileType = sourcecode.c.h; path = mplayfinish.h; sourceTree = "<group>"; };
		DA894E6D1C90C30500EDD0F4 /* mplayfinish.m */ = {isa = PBXFileReference; fileEncoding = 4; lastKnownFileType = sourcecode.c.objc; path = mplayfinish.m; sourceTree = "<group>"; };
		DA894E6F1C90C41900EDD0F4 /* mplayfinishcell.h */ = {isa = PBXFileReference; fileEncoding = 4; lastKnownFileType = sourcecode.c.h; path = mplayfinishcell.h; sourceTree = "<group>"; };
		DA894E701C90C41900EDD0F4 /* mplayfinishcell.m */ = {isa = PBXFileReference; fileEncoding = 4; lastKnownFileType = sourcecode.c.objc; path = mplayfinishcell.m; sourceTree = "<group>"; };
		DA894E721C90C42E00EDD0F4 /* mplayfinishcellfails.h */ = {isa = PBXFileReference; fileEncoding = 4; lastKnownFileType = sourcecode.c.h; path = mplayfinishcellfails.h; sourceTree = "<group>"; };
		DA894E731C90C42E00EDD0F4 /* mplayfinishcellfails.m */ = {isa = PBXFileReference; fileEncoding = 4; lastKnownFileType = sourcecode.c.objc; path = mplayfinishcellfails.m; sourceTree = "<group>"; };
		DA894E751C90C44400EDD0F4 /* mplayfinishcellgeneral.h */ = {isa = PBXFileReference; fileEncoding = 4; lastKnownFileType = sourcecode.c.h; path = mplayfinishcellgeneral.h; sourceTree = "<group>"; };
		DA894E761C90C44400EDD0F4 /* mplayfinishcellgeneral.m */ = {isa = PBXFileReference; fileEncoding = 4; lastKnownFileType = sourcecode.c.objc; path = mplayfinishcellgeneral.m; sourceTree = "<group>"; };
		DA894E781C90C45100EDD0F4 /* mplayfinishcellpoints.h */ = {isa = PBXFileReference; fileEncoding = 4; lastKnownFileType = sourcecode.c.h; path = mplayfinishcellpoints.h; sourceTree = "<group>"; };
		DA894E791C90C45100EDD0F4 /* mplayfinishcellpoints.m */ = {isa = PBXFileReference; fileEncoding = 4; lastKnownFileType = sourcecode.c.objc; path = mplayfinishcellpoints.m; sourceTree = "<group>"; };
		DA894E7B1C90D11000EDD0F4 /* vplayfinishgeneral.h */ = {isa = PBXFileReference; fileEncoding = 4; lastKnownFileType = sourcecode.c.h; path = vplayfinishgeneral.h; sourceTree = "<group>"; };
		DA894E7C1C90D11000EDD0F4 /* vplayfinishgeneral.m */ = {isa = PBXFileReference; fileEncoding = 4; lastKnownFileType = sourcecode.c.objc; path = vplayfinishgeneral.m; sourceTree = "<group>"; };
		DACCC1231C8DC86B00754C2C /* mchallenge.h */ = {isa = PBXFileReference; fileEncoding = 4; lastKnownFileType = sourcecode.c.h; path = mchallenge.h; sourceTree = "<group>"; };
		DACCC1241C8DC86B00754C2C /* mchallenge.m */ = {isa = PBXFileReference; fileEncoding = 4; lastKnownFileType = sourcecode.c.objc; path = mchallenge.m; sourceTree = "<group>"; };
		DACCC1261C8DE42700754C2C /* mchallengetime.h */ = {isa = PBXFileReference; fileEncoding = 4; lastKnownFileType = sourcecode.c.h; path = mchallengetime.h; sourceTree = "<group>"; };
		DACCC1271C8DE42700754C2C /* mchallengetime.m */ = {isa = PBXFileReference; fileEncoding = 4; lastKnownFileType = sourcecode.c.objc; path = mchallengetime.m; sourceTree = "<group>"; };
		DACCC12C1C8DE5D500754C2C /* scourse.h */ = {isa = PBXFileReference; fileEncoding = 4; lastKnownFileType = sourcecode.c.h; path = scourse.h; sourceTree = "<group>"; };
		DACCC12D1C8DE5D500754C2C /* scourse.m */ = {isa = PBXFileReference; fileEncoding = 4; lastKnownFileType = sourcecode.c.objc; path = scourse.m; sourceTree = "<group>"; };
		DACCC12F1C8DED0600754C2C /* scourseadd1.h */ = {isa = PBXFileReference; fileEncoding = 4; lastKnownFileType = sourcecode.c.h; path = scourseadd1.h; sourceTree = "<group>"; };
		DACCC1301C8DED0600754C2C /* scourseadd1.m */ = {isa = PBXFileReference; fileEncoding = 4; lastKnownFileType = sourcecode.c.objc; path = scourseadd1.m; sourceTree = "<group>"; };
		DACCC1331C8DF12200754C2C /* moperation.h */ = {isa = PBXFileReference; fileEncoding = 4; lastKnownFileType = sourcecode.c.h; path = moperation.h; sourceTree = "<group>"; };
		DACCC1341C8DF12200754C2C /* moperation.m */ = {isa = PBXFileReference; fileEncoding = 4; lastKnownFileType = sourcecode.c.objc; path = moperation.m; sourceTree = "<group>"; };
		DACCC1361C8DF21700754C2C /* moperationadd.h */ = {isa = PBXFileReference; fileEncoding = 4; lastKnownFileType = sourcecode.c.h; path = moperationadd.h; sourceTree = "<group>"; };
		DACCC1371C8DF21700754C2C /* moperationadd.m */ = {isa = PBXFileReference; fileEncoding = 4; lastKnownFileType = sourcecode.c.objc; path = moperationadd.m; sourceTree = "<group>"; };
		DACCC1391C8E025D00754C2C /* mchallengeoperand.h */ = {isa = PBXFileReference; fileEncoding = 4; lastKnownFileType = sourcecode.c.h; path = mchallengeoperand.h; sourceTree = "<group>"; };
		DACCC13A1C8E025D00754C2C /* mchallengeoperand.m */ = {isa = PBXFileReference; fileEncoding = 4; lastKnownFileType = sourcecode.c.objc; path = mchallengeoperand.m; sourceTree = "<group>"; };
		DACCC13C1C8E1A3400754C2C /* mchallengeoperandint.h */ = {isa = PBXFileReference; fileEncoding = 4; lastKnownFileType = sourcecode.c.h; path = mchallengeoperandint.h; sourceTree = "<group>"; };
		DACCC13D1C8E1A3400754C2C /* mchallengeoperandint.m */ = {isa = PBXFileReference; fileEncoding = 4; lastKnownFileType = sourcecode.c.objc; path = mchallengeoperandint.m; sourceTree = "<group>"; };
		DACCC13F1C8E1A4100754C2C /* mchallengeoperanddouble.h */ = {isa = PBXFileReference; fileEncoding = 4; lastKnownFileType = sourcecode.c.h; path = mchallengeoperanddouble.h; sourceTree = "<group>"; };
		DACCC1401C8E1A4100754C2C /* mchallengeoperanddouble.m */ = {isa = PBXFileReference; fileEncoding = 4; lastKnownFileType = sourcecode.c.objc; path = mchallengeoperanddouble.m; sourceTree = "<group>"; };
		DACCC1461C8E433400754C2C /* mplayitem.h */ = {isa = PBXFileReference; fileEncoding = 4; lastKnownFileType = sourcecode.c.h; path = mplayitem.h; sourceTree = "<group>"; };
		DACCC1471C8E433400754C2C /* mplayitem.m */ = {isa = PBXFileReference; fileEncoding = 4; lastKnownFileType = sourcecode.c.objc; path = mplayitem.m; sourceTree = "<group>"; };
		DACCC1491C8E443900754C2C /* mplayitemcell.h */ = {isa = PBXFileReference; fileEncoding = 4; lastKnownFileType = sourcecode.c.h; path = mplayitemcell.h; sourceTree = "<group>"; };
		DACCC14A1C8E443900754C2C /* mplayitemcell.m */ = {isa = PBXFileReference; fileEncoding = 4; lastKnownFileType = sourcecode.c.objc; path = mplayitemcell.m; sourceTree = "<group>"; };
		DACCC14C1C8E46C500754C2C /* mplayitemcelloperand.h */ = {isa = PBXFileReference; fileEncoding = 4; lastKnownFileType = sourcecode.c.h; path = mplayitemcelloperand.h; sourceTree = "<group>"; };
		DACCC14D1C8E46C500754C2C /* mplayitemcelloperand.m */ = {isa = PBXFileReference; fileEncoding = 4; lastKnownFileType = sourcecode.c.objc; path = mplayitemcelloperand.m; sourceTree = "<group>"; };
		DACCC14F1C8E46EB00754C2C /* mplayitemcelloperation.h */ = {isa = PBXFileReference; fileEncoding = 4; lastKnownFileType = sourcecode.c.h; path = mplayitemcelloperation.h; sourceTree = "<group>"; };
		DACCC1501C8E46EB00754C2C /* mplayitemcelloperation.m */ = {isa = PBXFileReference; fileEncoding = 4; lastKnownFileType = sourcecode.c.objc; path = mplayitemcelloperation.m; sourceTree = "<group>"; };
		DACCC1521C8E470700754C2C /* mplayitemcellequals.h */ = {isa = PBXFileReference; fileEncoding = 4; lastKnownFileType = sourcecode.c.h; path = mplayitemcellequals.h; sourceTree = "<group>"; };
		DACCC1531C8E470700754C2C /* mplayitemcellequals.m */ = {isa = PBXFileReference; fileEncoding = 4; lastKnownFileType = sourcecode.c.objc; path = mplayitemcellequals.m; sourceTree = "<group>"; };
		DACCC1551C8E471400754C2C /* mplayitemcellresult.h */ = {isa = PBXFileReference; fileEncoding = 4; lastKnownFileType = sourcecode.c.h; path = mplayitemcellresult.h; sourceTree = "<group>"; };
		DACCC1561C8E471400754C2C /* mplayitemcellresult.m */ = {isa = PBXFileReference; fileEncoding = 4; lastKnownFileType = sourcecode.c.objc; path = mplayitemcellresult.m; sourceTree = "<group>"; };
		DACCC1581C8E472B00754C2C /* mplayitemcelltrivia.h */ = {isa = PBXFileReference; fileEncoding = 4; lastKnownFileType = sourcecode.c.h; path = mplayitemcelltrivia.h; sourceTree = "<group>"; };
		DACCC1591C8E472B00754C2C /* mplayitemcelltrivia.m */ = {isa = PBXFileReference; fileEncoding = 4; lastKnownFileType = sourcecode.c.objc; path = mplayitemcelltrivia.m; sourceTree = "<group>"; };
		DAD675DC1C88BD6D00AC41FD /* gauss.db */ = {isa = PBXFileReference; fileEncoding = 4; lastKnownFileType = text; path = gauss.db; sourceTree = "<group>"; };
		DAD675DD1C88BD6D00AC41FD /* imateq.xcassets */ = {isa = PBXFileReference; lastKnownFileType = folder.assetcatalog; path = imateq.xcassets; sourceTree = "<group>"; };
		DAD675DF1C88BD6D00AC41FD /* analytics.plist */ = {isa = PBXFileReference; fileEncoding = 4; lastKnownFileType = text.plist.xml; path = analytics.plist; sourceTree = "<group>"; };
		DAD675E01C88BD6D00AC41FD /* defs.plist */ = {isa = PBXFileReference; fileEncoding = 4; lastKnownFileType = text.plist.xml; path = defs.plist; sourceTree = "<group>"; };
		DAD675E21C88BD6D00AC41FD /* en */ = {isa = PBXFileReference; lastKnownFileType = text.plist.strings; name = en; path = en.lproj/Localizable.strings; sourceTree = "<group>"; };
		DAD675E31C88BD6D00AC41FD /* es */ = {isa = PBXFileReference; lastKnownFileType = text.plist.strings; name = es; path = es.lproj/Localizable.strings; sourceTree = "<group>"; };
		DAD675E61C88BD6D00AC41FD /* appdel.h */ = {isa = PBXFileReference; fileEncoding = 4; lastKnownFileType = sourcecode.c.h; path = appdel.h; sourceTree = "<group>"; };
		DAD675E71C88BD6D00AC41FD /* appdel.m */ = {isa = PBXFileReference; fileEncoding = 4; lastKnownFileType = sourcecode.c.objc; path = appdel.m; sourceTree = "<group>"; };
		DAD675E81C88BD6D00AC41FD /* Info.plist */ = {isa = PBXFileReference; fileEncoding = 4; lastKnownFileType = text.plist.xml; path = Info.plist; sourceTree = "<group>"; };
		DAD675E91C88BD6D00AC41FD /* main.m */ = {isa = PBXFileReference; fileEncoding = 4; lastKnownFileType = sourcecode.c.objc; path = main.m; sourceTree = "<group>"; };
		DAD675EB1C88BD6D00AC41FD /* analytics.h */ = {isa = PBXFileReference; fileEncoding = 4; lastKnownFileType = sourcecode.c.h; path = analytics.h; sourceTree = "<group>"; };
		DAD675EC1C88BD6D00AC41FD /* analytics.m */ = {isa = PBXFileReference; fileEncoding = 4; lastKnownFileType = sourcecode.c.objc; path = analytics.m; sourceTree = "<group>"; };
		DAD675ED1C88BD6D00AC41FD /* constants.h */ = {isa = PBXFileReference; fileEncoding = 4; lastKnownFileType = sourcecode.c.h; path = constants.h; sourceTree = "<group>"; };
		DAD675EE1C88BD6D00AC41FD /* generic.h */ = {isa = PBXFileReference; fileEncoding = 4; lastKnownFileType = sourcecode.c.h; path = generic.h; sourceTree = "<group>"; };
		DAD675EF1C88BD6D00AC41FD /* tools.h */ = {isa = PBXFileReference; fileEncoding = 4; lastKnownFileType = sourcecode.c.h; path = tools.h; sourceTree = "<group>"; };
		DAD675F01C88BD6D00AC41FD /* tools.m */ = {isa = PBXFileReference; fileEncoding = 4; lastKnownFileType = sourcecode.c.objc; path = tools.m; sourceTree = "<group>"; };
		DAD675F11C88BD6D00AC41FD /* updater.h */ = {isa = PBXFileReference; fileEncoding = 4; lastKnownFileType = sourcecode.c.h; path = updater.h; sourceTree = "<group>"; };
		DAD675F21C88BD6D00AC41FD /* updater.m */ = {isa = PBXFileReference; fileEncoding = 4; lastKnownFileType = sourcecode.c.objc; path = updater.m; sourceTree = "<group>"; };
		DAD675F51C88BD6D00AC41FD /* db.h */ = {isa = PBXFileReference; fileEncoding = 4; lastKnownFileType = sourcecode.c.h; path = db.h; sourceTree = "<group>"; };
		DAD675F71C88BD6D00AC41FD /* timerbg.h */ = {isa = PBXFileReference; fileEncoding = 4; lastKnownFileType = sourcecode.c.h; path = timerbg.h; sourceTree = "<group>"; };
		DAD675F81C88BD6D00AC41FD /* libdb.a */ = {isa = PBXFileReference; lastKnownFileType = archive.ar; path = libdb.a; sourceTree = "<group>"; };
		DAD675F91C88BD6D00AC41FD /* libtimerbg.a */ = {isa = PBXFileReference; lastKnownFileType = archive.ar; path = libtimerbg.a; sourceTree = "<group>"; };
		DAD675FC1C88BD6D00AC41FD /* c.h */ = {isa = PBXFileReference; fileEncoding = 4; lastKnownFileType = sourcecode.c.h; path = c.h; sourceTree = "<group>"; };
		DAD675FE1C88BD6D00AC41FD /* cmain.h */ = {isa = PBXFileReference; fileEncoding = 4; lastKnownFileType = sourcecode.c.h; path = cmain.h; sourceTree = "<group>"; };
		DAD675FF1C88BD6D00AC41FD /* cmain.m */ = {isa = PBXFileReference; fileEncoding = 4; lastKnownFileType = sourcecode.c.objc; path = cmain.m; sourceTree = "<group>"; };
		DAD676051C88BD6D00AC41FD /* mdb.h */ = {isa = PBXFileReference; fileEncoding = 4; lastKnownFileType = sourcecode.c.h; path = mdb.h; sourceTree = "<group>"; };
		DAD676061C88BD6D00AC41FD /* mdb.m */ = {isa = PBXFileReference; fileEncoding = 4; lastKnownFileType = sourcecode.c.objc; path = mdb.m; sourceTree = "<group>"; };
		DAD676071C88BD6D00AC41FD /* mdbcreate.h */ = {isa = PBXFileReference; fileEncoding = 4; lastKnownFileType = sourcecode.c.h; path = mdbcreate.h; sourceTree = "<group>"; };
		DAD676081C88BD6D00AC41FD /* mdbcreate.m */ = {isa = PBXFileReference; fileEncoding = 4; lastKnownFileType = sourcecode.c.objc; path = mdbcreate.m; sourceTree = "<group>"; };
		DAD6760C1C88BD6D00AC41FD /* mdirs.h */ = {isa = PBXFileReference; fileEncoding = 4; lastKnownFileType = sourcecode.c.h; path = mdirs.h; sourceTree = "<group>"; };
		DAD6760D1C88BD6D00AC41FD /* mdirs.m */ = {isa = PBXFileReference; fileEncoding = 4; lastKnownFileType = sourcecode.c.objc; path = mdirs.m; sourceTree = "<group>"; };
		DAD6760F1C88BD6D00AC41FD /* mgeneral.h */ = {isa = PBXFileReference; fileEncoding = 4; lastKnownFileType = sourcecode.c.h; path = mgeneral.h; sourceTree = "<group>"; };
		DAD676101C88BD6D00AC41FD /* msettings.h */ = {isa = PBXFileReference; fileEncoding = 4; lastKnownFileType = sourcecode.c.h; path = msettings.h; sourceTree = "<group>"; };
		DAD676111C88BD6D00AC41FD /* msettings.m */ = {isa = PBXFileReference; fileEncoding = 4; lastKnownFileType = sourcecode.c.objc; path = msettings.m; sourceTree = "<group>"; };
		DAD676121C88BD6D00AC41FD /* m.h */ = {isa = PBXFileReference; fileEncoding = 4; lastKnownFileType = sourcecode.c.h; path = m.h; sourceTree = "<group>"; };
		DAD676141C88BD6D00AC41FD /* s.h */ = {isa = PBXFileReference; fileEncoding = 4; lastKnownFileType = sourcecode.c.h; path = s.h; sourceTree = "<group>"; };
		DAD6761A1C88BD6D00AC41FD /* vblur.h */ = {isa = PBXFileReference; fileEncoding = 4; lastKnownFileType = sourcecode.c.h; path = vblur.h; sourceTree = "<group>"; };
		DAD6761B1C88BD6D00AC41FD /* vblur.m */ = {isa = PBXFileReference; fileEncoding = 4; lastKnownFileType = sourcecode.c.objc; path = vblur.m; sourceTree = "<group>"; };
		DAD6761C1C88BD6D00AC41FD /* viewbase.h */ = {isa = PBXFileReference; fileEncoding = 4; lastKnownFileType = sourcecode.c.h; path = viewbase.h; sourceTree = "<group>"; };
		DAD6761D1C88BD6D00AC41FD /* viewbase.m */ = {isa = PBXFileReference; fileEncoding = 4; lastKnownFileType = sourcecode.c.objc; path = viewbase.m; sourceTree = "<group>"; };
		DAD6761E1C88BD6D00AC41FD /* vspinner.h */ = {isa = PBXFileReference; fileEncoding = 4; lastKnownFileType = sourcecode.c.h; path = vspinner.h; sourceTree = "<group>"; };
		DAD6761F1C88BD6D00AC41FD /* vspinner.m */ = {isa = PBXFileReference; fileEncoding = 4; lastKnownFileType = sourcecode.c.objc; path = vspinner.m; sourceTree = "<group>"; };
		DAD676201C88BD6D00AC41FD /* v.h */ = {isa = PBXFileReference; fileEncoding = 4; lastKnownFileType = sourcecode.c.h; path = v.h; sourceTree = "<group>"; };
		DAD676391C88BE5E00AC41FD /* cpages.h */ = {isa = PBXFileReference; fileEncoding = 4; lastKnownFileType = sourcecode.c.h; path = cpages.h; sourceTree = "<group>"; };
		DAD6763A1C88BE5E00AC41FD /* cpages.m */ = {isa = PBXFileReference; fileEncoding = 4; lastKnownFileType = sourcecode.c.objc; path = cpages.m; sourceTree = "<group>"; };
		DAD6763C1C88BE9F00AC41FD /* valert.h */ = {isa = PBXFileReference; fileEncoding = 4; lastKnownFileType = sourcecode.c.h; path = valert.h; sourceTree = "<group>"; };
		DAD6763D1C88BE9F00AC41FD /* valert.m */ = {isa = PBXFileReference; fileEncoding = 4; lastKnownFileType = sourcecode.c.objc; path = valert.m; sourceTree = "<group>"; };
		F731575245052EA2617E6541 /* libPods-Gauss.a */ = {isa = PBXFileReference; explicitFileType = archive.ar; includeInIndex = 0; path = "libPods-Gauss.a"; sourceTree = BUILT_PRODUCTS_DIR; };
/* End PBXFileReference section */

/* Begin PBXFrameworksBuildPhase section */
		DA40FBAD1C88A4F5009B974B /* Frameworks */ = {
			isa = PBXFrameworksBuildPhase;
			buildActionMask = 2147483647;
			files = (
				DAD6762D1C88BD6D00AC41FD /* libtimerbg.a in Frameworks */,
				DAD6762C1C88BD6D00AC41FD /* libdb.a in Frameworks */,
				B642C6369DAE6F51A02864A5 /* libPods-Gauss.a in Frameworks */,
			);
			runOnlyForDeploymentPostprocessing = 0;
		};
/* End PBXFrameworksBuildPhase section */

/* Begin PBXGroup section */
		26A064D774832D3F7BF05FED /* Frameworks */ = {
			isa = PBXGroup;
			children = (
				F731575245052EA2617E6541 /* libPods-Gauss.a */,
			);
			name = Frameworks;
			sourceTree = "<group>";
		};
		41B1264D112BDAB6AF60E583 /* Pods */ = {
			isa = PBXGroup;
			children = (
				3F43EDE9F8684A076E74D99C /* Pods-Gauss.debug.xcconfig */,
				1041ABD466E7E956A4BCCEC7 /* Pods-Gauss.release.xcconfig */,
			);
			name = Pods;
			sourceTree = "<group>";
		};
		DA2A09B41C88C385003A19F6 /* private */ = {
			isa = PBXGroup;
			children = (
				DA2A09B51C88C385003A19F6 /* private.h */,
				DA2A09B61C88C385003A19F6 /* privateconstants.h */,
			);
			path = private;
			sourceTree = "<group>";
		};
		DA2A09B91C88DA84003A19F6 /* stats */ = {
			isa = PBXGroup;
			children = (
				DA2A09BA1C88DA99003A19F6 /* cstats.h */,
				DA2A09BB1C88DA99003A19F6 /* cstats.m */,
			);
			path = stats;
			sourceTree = "<group>";
		};
		DA2A09BD1C88DAC8003A19F6 /* stats */ = {
			isa = PBXGroup;
			children = (
				DA2A09BE1C88DAD0003A19F6 /* vstats.h */,
				DA2A09BF1C88DAD0003A19F6 /* vstats.m */,
				DA2A09D21C891890003A19F6 /* vstatsbar.h */,
				DA2A09D31C891890003A19F6 /* vstatsbar.m */,
				DA2A09D51C891B80003A19F6 /* vstatsinfo.h */,
				DA2A09D61C891B80003A19F6 /* vstatsinfo.m */,
				DA2A09FC1C893F3F003A19F6 /* vstatsheader.h */,
				DA2A09FD1C893F3F003A19F6 /* vstatsheader.m */,
				DA2A09FF1C894007003A19F6 /* vstatscell.h */,
				DA2A0A001C894007003A19F6 /* vstatscell.m */,
				DA1098AB1C89E7A4007AB688 /* vstatsstatus.h */,
				DA1098AC1C89E7A4007AB688 /* vstatsstatus.m */,
			);
			path = stats;
			sourceTree = "<group>";
		};
		DA2A09C11C88E3BB003A19F6 /* play */ = {
			isa = PBXGroup;
			children = (
				DA2A09C21C88E3C6003A19F6 /* cplay.h */,
				DA2A09C31C88E3C6003A19F6 /* cplay.m */,
				DA2A09C51C88E4A8003A19F6 /* cplayitem.h */,
				DA2A09C61C88E4A8003A19F6 /* cplayitem.m */,
				DA894E391C90B2FE00EDD0F4 /* cplayfinish.h */,
				DA894E3A1C90B2FE00EDD0F4 /* cplayfinish.m */,
			);
			path = play;
			sourceTree = "<group>";
		};
		DA2A09D81C892215003A19F6 /* course */ = {
			isa = PBXGroup;
			children = (
				DA2A09D91C892232003A19F6 /* mcourse.h */,
				DA2A09DA1C892232003A19F6 /* mcourse.m */,
				DA2A09DC1C892277003A19F6 /* mcourseitem.h */,
				DA2A09DD1C892277003A19F6 /* mcourseitem.m */,
				DA2A09E51C892347003A19F6 /* mcourseitemadd.h */,
				DA2A09E61C892347003A19F6 /* mcourseitemadd.m */,
				DA2A09E81C892351003A19F6 /* mcourseitemsubs.h */,
				DA2A09E91C892351003A19F6 /* mcourseitemsubs.m */,
				DA2A09EB1C892499003A19F6 /* mcourseitemchapter.h */,
				DA2A09EC1C892499003A19F6 /* mcourseitemchapter.m */,
			);
			path = course;
			sourceTree = "<group>";
		};
		DA2A09EE1C892555003A19F6 /* courseadd */ = {
			isa = PBXGroup;
			children = (
				DA2A09F01C892563003A19F6 /* mcourseadd1.h */,
				DA2A09F11C892563003A19F6 /* mcourseadd1.m */,
				DA2A09F31C89256F003A19F6 /* mcourseadd2.h */,
				DA2A09F41C89256F003A19F6 /* mcourseadd2.m */,
			);
			path = courseadd;
			sourceTree = "<group>";
		};
		DA2A09EF1C892555003A19F6 /* coursesubs */ = {
			isa = PBXGroup;
			children = (
				DA2A09F61C89257B003A19F6 /* mcoursesubs1.h */,
				DA2A09F71C89257B003A19F6 /* mcoursesubs1.m */,
				DA2A09F91C892586003A19F6 /* mcoursesubs2.h */,
				DA2A09FA1C892586003A19F6 /* mcoursesubs2.m */,
			);
			path = coursesubs;
			sourceTree = "<group>";
		};
		DA40FBA71C88A4F5009B974B = {
			isa = PBXGroup;
			children = (
				DA40FBB21C88A4F5009B974B /* Gauss */,
				DA40FBB11C88A4F5009B974B /* Products */,
				41B1264D112BDAB6AF60E583 /* Pods */,
				26A064D774832D3F7BF05FED /* Frameworks */,
			);
			sourceTree = "<group>";
		};
		DA40FBB11C88A4F5009B974B /* Products */ = {
			isa = PBXGroup;
			children = (
				DA40FBB01C88A4F5009B974B /* Gauss.app */,
			);
			name = Products;
			sourceTree = "<group>";
		};
		DA40FBB21C88A4F5009B974B /* Gauss */ = {
			isa = PBXGroup;
			children = (
				DAD675DB1C88BD6D00AC41FD /* db */,
				DAD675DD1C88BD6D00AC41FD /* imateq.xcassets */,
				DAD675DE1C88BD6D00AC41FD /* langteq */,
				DAD675E41C88BD6D00AC41FD /* sourceteq */,
				DA2A09B71C88D022003A19F6 /* Images.xcassets */,
			);
			path = Gauss;
			sourceTree = "<group>";
		};
		DA894E3C1C90B42300EDD0F4 /* playitem */ = {
			isa = PBXGroup;
			children = (
				DA894E3D1C90B42300EDD0F4 /* vplayitem.h */,
				DA894E3E1C90B42300EDD0F4 /* vplayitem.m */,
				DA894E3F1C90B42300EDD0F4 /* vplayitembar.h */,
				DA894E401C90B42300EDD0F4 /* vplayitembar.m */,
				DA894E411C90B42300EDD0F4 /* vplayitemchallenge.h */,
				DA894E421C90B42300EDD0F4 /* vplayitemchallenge.m */,
				DA894E431C90B42300EDD0F4 /* vplayitemchallengeequals.h */,
				DA894E441C90B42300EDD0F4 /* vplayitemchallengeequals.m */,
				DA894E451C90B42300EDD0F4 /* vplayitemchallengeoperand.h */,
				DA894E461C90B42300EDD0F4 /* vplayitemchallengeoperand.m */,
				DA894E471C90B42300EDD0F4 /* vplayitemchallengeoperation.h */,
				DA894E481C90B42300EDD0F4 /* vplayitemchallengeoperation.m */,
				DA894E491C90B42300EDD0F4 /* vplayitemchallengeresult.h */,
				DA894E4A1C90B42300EDD0F4 /* vplayitemchallengeresult.m */,
				DA894E4B1C90B42300EDD0F4 /* vplayitemchallengetrivia.h */,
				DA894E4C1C90B42300EDD0F4 /* vplayitemchallengetrivia.m */,
				DA894E4D1C90B42300EDD0F4 /* vplayitemchallengetriviainput.h */,
				DA894E4E1C90B42300EDD0F4 /* vplayitemchallengetriviainput.m */,
				DA894E4F1C90B42300EDD0F4 /* vplayitemcontrols.h */,
				DA894E501C90B42300EDD0F4 /* vplayitemcontrols.m */,
				DA894E511C90B42300EDD0F4 /* vplayitemloader.h */,
				DA894E521C90B42300EDD0F4 /* vplayitemloader.m */,
			);
			path = playitem;
			sourceTree = "<group>";
		};
		DA894E5E1C90B45000EDD0F4 /* playfinish */ = {
			isa = PBXGroup;
			children = (
				DA894E601C90B49400EDD0F4 /* vplayfinish.h */,
				DA894E611C90B49400EDD0F4 /* vplayfinish.m */,
				DA894E691C90C08200EDD0F4 /* vplayfinishcell.h */,
				DA894E6A1C90C08200EDD0F4 /* vplayfinishcell.m */,
				DA894E631C90BB4100EDD0F4 /* vplayfinishbar.h */,
				DA894E641C90BB4100EDD0F4 /* vplayfinishbar.m */,
				DA894E661C90BE7200EDD0F4 /* vplayfinishpaychart.h */,
				DA894E671C90BE7200EDD0F4 /* vplayfinishpaychart.m */,
				DA894E7B1C90D11000EDD0F4 /* vplayfinishgeneral.h */,
				DA894E7C1C90D11000EDD0F4 /* vplayfinishgeneral.m */,
			);
			path = playfinish;
			sourceTree = "<group>";
		};
		DA894E5F1C90B47400EDD0F4 /* playfinish */ = {
			isa = PBXGroup;
			children = (
				DA894E6C1C90C30500EDD0F4 /* mplayfinish.h */,
				DA894E6D1C90C30500EDD0F4 /* mplayfinish.m */,
				DA894E6F1C90C41900EDD0F4 /* mplayfinishcell.h */,
				DA894E701C90C41900EDD0F4 /* mplayfinishcell.m */,
				DA894E721C90C42E00EDD0F4 /* mplayfinishcellfails.h */,
				DA894E731C90C42E00EDD0F4 /* mplayfinishcellfails.m */,
				DA894E751C90C44400EDD0F4 /* mplayfinishcellgeneral.h */,
				DA894E761C90C44400EDD0F4 /* mplayfinishcellgeneral.m */,
				DA894E781C90C45100EDD0F4 /* mplayfinishcellpoints.h */,
				DA894E791C90C45100EDD0F4 /* mplayfinishcellpoints.m */,
			);
			path = playfinish;
			sourceTree = "<group>";
		};
		DACCC1221C8DC78200754C2C /* challenge */ = {
			isa = PBXGroup;
			children = (
				DACCC1231C8DC86B00754C2C /* mchallenge.h */,
				DACCC1241C8DC86B00754C2C /* mchallenge.m */,
				DACCC1391C8E025D00754C2C /* mchallengeoperand.h */,
				DACCC13A1C8E025D00754C2C /* mchallengeoperand.m */,
				DACCC13C1C8E1A3400754C2C /* mchallengeoperandint.h */,
				DACCC13D1C8E1A3400754C2C /* mchallengeoperandint.m */,
				DACCC13F1C8E1A4100754C2C /* mchallengeoperanddouble.h */,
				DACCC1401C8E1A4100754C2C /* mchallengeoperanddouble.m */,
				DACCC1261C8DE42700754C2C /* mchallengetime.h */,
				DACCC1271C8DE42700754C2C /* mchallengetime.m */,
			);
			path = challenge;
			sourceTree = "<group>";
		};
		DACCC1291C8DE55400754C2C /* course */ = {
			isa = PBXGroup;
			children = (
				DACCC12C1C8DE5D500754C2C /* scourse.h */,
				DACCC12D1C8DE5D500754C2C /* scourse.m */,
			);
			path = course;
			sourceTree = "<group>";
		};
		DACCC12A1C8DE55400754C2C /* courseadd */ = {
			isa = PBXGroup;
			children = (
				DACCC12F1C8DED0600754C2C /* scourseadd1.h */,
				DACCC1301C8DED0600754C2C /* scourseadd1.m */,
			);
			path = courseadd;
			sourceTree = "<group>";
		};
		DACCC12B1C8DE55400754C2C /* coursesubs */ = {
			isa = PBXGroup;
			children = (
			);
			path = coursesubs;
			sourceTree = "<group>";
		};
		DACCC1321C8DF11800754C2C /* operation */ = {
			isa = PBXGroup;
			children = (
				DACCC1331C8DF12200754C2C /* moperation.h */,
				DACCC1341C8DF12200754C2C /* moperation.m */,
				DACCC1361C8DF21700754C2C /* moperationadd.h */,
				DACCC1371C8DF21700754C2C /* moperationadd.m */,
			);
			path = operation;
			sourceTree = "<group>";
		};
		DACCC1451C8E431400754C2C /* playitem */ = {
			isa = PBXGroup;
			children = (
				DACCC1461C8E433400754C2C /* mplayitem.h */,
				DACCC1471C8E433400754C2C /* mplayitem.m */,
				DACCC1491C8E443900754C2C /* mplayitemcell.h */,
				DACCC14A1C8E443900754C2C /* mplayitemcell.m */,
				DACCC14C1C8E46C500754C2C /* mplayitemcelloperand.h */,
				DACCC14D1C8E46C500754C2C /* mplayitemcelloperand.m */,
				DACCC14F1C8E46EB00754C2C /* mplayitemcelloperation.h */,
				DACCC1501C8E46EB00754C2C /* mplayitemcelloperation.m */,
				DACCC1521C8E470700754C2C /* mplayitemcellequals.h */,
				DACCC1531C8E470700754C2C /* mplayitemcellequals.m */,
				DACCC1551C8E471400754C2C /* mplayitemcellresult.h */,
				DACCC1561C8E471400754C2C /* mplayitemcellresult.m */,
				DACCC1581C8E472B00754C2C /* mplayitemcelltrivia.h */,
				DACCC1591C8E472B00754C2C /* mplayitemcelltrivia.m */,
			);
			path = playitem;
			sourceTree = "<group>";
		};
		DAD675DB1C88BD6D00AC41FD /* db */ = {
			isa = PBXGroup;
			children = (
				DAD675DC1C88BD6D00AC41FD /* gauss.db */,
			);
			path = db;
			sourceTree = "<group>";
		};
		DAD675DE1C88BD6D00AC41FD /* langteq */ = {
			isa = PBXGroup;
			children = (
				DAD675DF1C88BD6D00AC41FD /* analytics.plist */,
				DAD675E01C88BD6D00AC41FD /* defs.plist */,
				DAD675E11C88BD6D00AC41FD /* Localizable.strings */,
			);
			path = langteq;
			sourceTree = "<group>";
		};
		DAD675E41C88BD6D00AC41FD /* sourceteq */ = {
			isa = PBXGroup;
			children = (
				DA2A09B41C88C385003A19F6 /* private */,
				DAD675E51C88BD6D00AC41FD /* core */,
				DAD675EA1C88BD6D00AC41FD /* generic */,
				DAD675F31C88BD6D00AC41FD /* lib */,
				DAD675F81C88BD6D00AC41FD /* libdb.a */,
				DAD675F91C88BD6D00AC41FD /* libtimerbg.a */,
				DAD675FA1C88BD6D00AC41FD /* source */,
			);
			path = sourceteq;
			sourceTree = "<group>";
		};
		DAD675E51C88BD6D00AC41FD /* core */ = {
			isa = PBXGroup;
			children = (
				DAD675E61C88BD6D00AC41FD /* appdel.h */,
				DAD675E71C88BD6D00AC41FD /* appdel.m */,
				DAD675E81C88BD6D00AC41FD /* Info.plist */,
				DAD675E91C88BD6D00AC41FD /* main.m */,
			);
			path = core;
			sourceTree = "<group>";
		};
		DAD675EA1C88BD6D00AC41FD /* generic */ = {
			isa = PBXGroup;
			children = (
				DAD675EB1C88BD6D00AC41FD /* analytics.h */,
				DAD675EC1C88BD6D00AC41FD /* analytics.m */,
				DAD675ED1C88BD6D00AC41FD /* constants.h */,
				DAD675EE1C88BD6D00AC41FD /* generic.h */,
				DAD675EF1C88BD6D00AC41FD /* tools.h */,
				DAD675F01C88BD6D00AC41FD /* tools.m */,
				DAD675F11C88BD6D00AC41FD /* updater.h */,
				DAD675F21C88BD6D00AC41FD /* updater.m */,
			);
			path = generic;
			sourceTree = "<group>";
		};
		DAD675F31C88BD6D00AC41FD /* lib */ = {
			isa = PBXGroup;
			children = (
				DAD675F41C88BD6D00AC41FD /* db */,
				DAD675F61C88BD6D00AC41FD /* timerbg */,
			);
			path = lib;
			sourceTree = "<group>";
		};
		DAD675F41C88BD6D00AC41FD /* db */ = {
			isa = PBXGroup;
			children = (
				DAD675F51C88BD6D00AC41FD /* db.h */,
			);
			path = db;
			sourceTree = "<group>";
		};
		DAD675F61C88BD6D00AC41FD /* timerbg */ = {
			isa = PBXGroup;
			children = (
				DAD675F71C88BD6D00AC41FD /* timerbg.h */,
			);
			path = timerbg;
			sourceTree = "<group>";
		};
		DAD675FA1C88BD6D00AC41FD /* source */ = {
			isa = PBXGroup;
			children = (
				DAD675FB1C88BD6D00AC41FD /* c */,
				DAD676031C88BD6D00AC41FD /* m */,
				DAD676131C88BD6D00AC41FD /* s */,
				DAD676151C88BD6D00AC41FD /* v */,
			);
			path = source;
			sourceTree = "<group>";
		};
		DAD675FB1C88BD6D00AC41FD /* c */ = {
			isa = PBXGroup;
			children = (
				DAD675FC1C88BD6D00AC41FD /* c.h */,
				DA2A09C11C88E3BB003A19F6 /* play */,
				DA2A09B91C88DA84003A19F6 /* stats */,
				DAD675FD1C88BD6D00AC41FD /* main */,
			);
			path = c;
			sourceTree = "<group>";
		};
		DAD675FD1C88BD6D00AC41FD /* main */ = {
			isa = PBXGroup;
			children = (
				DAD676391C88BE5E00AC41FD /* cpages.h */,
				DAD6763A1C88BE5E00AC41FD /* cpages.m */,
				DAD675FE1C88BD6D00AC41FD /* cmain.h */,
				DAD675FF1C88BD6D00AC41FD /* cmain.m */,
			);
			path = main;
			sourceTree = "<group>";
		};
		DAD676031C88BD6D00AC41FD /* m */ = {
			isa = PBXGroup;
			children = (
				DA894E5F1C90B47400EDD0F4 /* playfinish */,
				DACCC1451C8E431400754C2C /* playitem */,
				DACCC1321C8DF11800754C2C /* operation */,
				DACCC1221C8DC78200754C2C /* challenge */,
				DA2A09EE1C892555003A19F6 /* courseadd */,
				DA2A09EF1C892555003A19F6 /* coursesubs */,
				DA2A09D81C892215003A19F6 /* course */,
				DAD676041C88BD6D00AC41FD /* db */,
				DAD6760B1C88BD6D00AC41FD /* dirs */,
				DAD6760E1C88BD6D00AC41FD /* general */,
				DAD676121C88BD6D00AC41FD /* m.h */,
			);
			path = m;
			sourceTree = "<group>";
		};
		DAD676041C88BD6D00AC41FD /* db */ = {
			isa = PBXGroup;
			children = (
				DAD676051C88BD6D00AC41FD /* mdb.h */,
				DAD676061C88BD6D00AC41FD /* mdb.m */,
				DAD676071C88BD6D00AC41FD /* mdbcreate.h */,
				DAD676081C88BD6D00AC41FD /* mdbcreate.m */,
			);
			path = db;
			sourceTree = "<group>";
		};
		DAD6760B1C88BD6D00AC41FD /* dirs */ = {
			isa = PBXGroup;
			children = (
				DAD6760C1C88BD6D00AC41FD /* mdirs.h */,
				DAD6760D1C88BD6D00AC41FD /* mdirs.m */,
			);
			path = dirs;
			sourceTree = "<group>";
		};
		DAD6760E1C88BD6D00AC41FD /* general */ = {
			isa = PBXGroup;
			children = (
				DAD6760F1C88BD6D00AC41FD /* mgeneral.h */,
				DAD676101C88BD6D00AC41FD /* msettings.h */,
				DAD676111C88BD6D00AC41FD /* msettings.m */,
			);
			path = general;
			sourceTree = "<group>";
		};
		DAD676131C88BD6D00AC41FD /* s */ = {
			isa = PBXGroup;
			children = (
				DACCC1291C8DE55400754C2C /* course */,
				DACCC12A1C8DE55400754C2C /* courseadd */,
				DACCC12B1C8DE55400754C2C /* coursesubs */,
				DAD676141C88BD6D00AC41FD /* s.h */,
			);
			path = s;
			sourceTree = "<group>";
		};
		DAD676151C88BD6D00AC41FD /* v */ = {
			isa = PBXGroup;
			children = (
				DA894E5E1C90B45000EDD0F4 /* playfinish */,
				DA894E3C1C90B42300EDD0F4 /* playitem */,
				DA2A09BD1C88DAC8003A19F6 /* stats */,
				DAD676191C88BD6D00AC41FD /* general */,
				DAD676201C88BD6D00AC41FD /* v.h */,
			);
			path = v;
			sourceTree = "<group>";
		};
		DAD676191C88BD6D00AC41FD /* general */ = {
			isa = PBXGroup;
			children = (
				DAD6763C1C88BE9F00AC41FD /* valert.h */,
				DAD6763D1C88BE9F00AC41FD /* valert.m */,
				DAD6761A1C88BD6D00AC41FD /* vblur.h */,
				DAD6761B1C88BD6D00AC41FD /* vblur.m */,
				DAD6761C1C88BD6D00AC41FD /* viewbase.h */,
				DAD6761D1C88BD6D00AC41FD /* viewbase.m */,
				DAD6761E1C88BD6D00AC41FD /* vspinner.h */,
				DAD6761F1C88BD6D00AC41FD /* vspinner.m */,
				DA46B9C41C8FB1E300AA8421 /* vclock.h */,
				DA46B9C51C8FB1E300AA8421 /* vclock.m */,
				DA46B9C71C8FB31D00AA8421 /* vclockline.h */,
				DA46B9C81C8FB31D00AA8421 /* vclockline.m */,
				DA3AB4231C9066F600D233AE /* vclockprotocol.h */,
			);
			path = general;
			sourceTree = "<group>";
		};
/* End PBXGroup section */

/* Begin PBXNativeTarget section */
		DA40FBAF1C88A4F5009B974B /* Gauss */ = {
			isa = PBXNativeTarget;
			buildConfigurationList = DA40FBC71C88A4F5009B974B /* Build configuration list for PBXNativeTarget "Gauss" */;
			buildPhases = (
				043D917E749BB6552DAE96DF /* Check Pods Manifest.lock */,
				DA40FBAC1C88A4F5009B974B /* Sources */,
				DA40FBAD1C88A4F5009B974B /* Frameworks */,
				DA40FBAE1C88A4F5009B974B /* Resources */,
				029096129C6C88BD9B8A9CD8 /* Embed Pods Frameworks */,
				3D540F5EF2A55CA949734E94 /* Copy Pods Resources */,
			);
			buildRules = (
			);
			dependencies = (
			);
			name = Gauss;
			productName = Gauss;
			productReference = DA40FBB01C88A4F5009B974B /* Gauss.app */;
			productType = "com.apple.product-type.application";
		};
/* End PBXNativeTarget section */

/* Begin PBXProject section */
		DA40FBA81C88A4F5009B974B /* Project object */ = {
			isa = PBXProject;
			attributes = {
				LastUpgradeCheck = 0720;
				ORGANIZATIONNAME = Iturbide;
				TargetAttributes = {
					DA40FBAF1C88A4F5009B974B = {
						CreatedOnToolsVersion = 7.2;
					};
				};
			};
			buildConfigurationList = DA40FBAB1C88A4F5009B974B /* Build configuration list for PBXProject "Gauss" */;
			compatibilityVersion = "Xcode 3.2";
			developmentRegion = English;
			hasScannedForEncodings = 0;
			knownRegions = (
				en,
				Base,
				es,
			);
			mainGroup = DA40FBA71C88A4F5009B974B;
			productRefGroup = DA40FBB11C88A4F5009B974B /* Products */;
			projectDirPath = "";
			projectRoot = "";
			targets = (
				DA40FBAF1C88A4F5009B974B /* Gauss */,
			);
		};
/* End PBXProject section */

/* Begin PBXResourcesBuildPhase section */
		DA40FBAE1C88A4F5009B974B /* Resources */ = {
			isa = PBXResourcesBuildPhase;
			buildActionMask = 2147483647;
			files = (
				DAD676251C88BD6D00AC41FD /* Localizable.strings in Resources */,
				DAD676221C88BD6D00AC41FD /* imateq.xcassets in Resources */,
				DAD676211C88BD6D00AC41FD /* gauss.db in Resources */,
				DA2A09B81C88D022003A19F6 /* Images.xcassets in Resources */,
				DAD676241C88BD6D00AC41FD /* defs.plist in Resources */,
				DAD676231C88BD6D00AC41FD /* analytics.plist in Resources */,
			);
			runOnlyForDeploymentPostprocessing = 0;
		};
/* End PBXResourcesBuildPhase section */

/* Begin PBXShellScriptBuildPhase section */
		029096129C6C88BD9B8A9CD8 /* Embed Pods Frameworks */ = {
			isa = PBXShellScriptBuildPhase;
			buildActionMask = 2147483647;
			files = (
			);
			inputPaths = (
			);
			name = "Embed Pods Frameworks";
			outputPaths = (
			);
			runOnlyForDeploymentPostprocessing = 0;
			shellPath = /bin/sh;
			shellScript = "\"${SRCROOT}/Pods/Target Support Files/Pods-Gauss/Pods-Gauss-frameworks.sh\"\n";
			showEnvVarsInLog = 0;
		};
		043D917E749BB6552DAE96DF /* Check Pods Manifest.lock */ = {
			isa = PBXShellScriptBuildPhase;
			buildActionMask = 2147483647;
			files = (
			);
			inputPaths = (
			);
			name = "Check Pods Manifest.lock";
			outputPaths = (
			);
			runOnlyForDeploymentPostprocessing = 0;
			shellPath = /bin/sh;
			shellScript = "diff \"${PODS_ROOT}/../Podfile.lock\" \"${PODS_ROOT}/Manifest.lock\" > /dev/null\nif [[ $? != 0 ]] ; then\n    cat << EOM\nerror: The sandbox is not in sync with the Podfile.lock. Run 'pod install' or update your CocoaPods installation.\nEOM\n    exit 1\nfi\n";
			showEnvVarsInLog = 0;
		};
		3D540F5EF2A55CA949734E94 /* Copy Pods Resources */ = {
			isa = PBXShellScriptBuildPhase;
			buildActionMask = 2147483647;
			files = (
			);
			inputPaths = (
			);
			name = "Copy Pods Resources";
			outputPaths = (
			);
			runOnlyForDeploymentPostprocessing = 0;
			shellPath = /bin/sh;
			shellScript = "\"${SRCROOT}/Pods/Target Support Files/Pods-Gauss/Pods-Gauss-resources.sh\"\n";
			showEnvVarsInLog = 0;
		};
/* End PBXShellScriptBuildPhase section */

/* Begin PBXSourcesBuildPhase section */
		DA40FBAC1C88A4F5009B974B /* Sources */ = {
			isa = PBXSourcesBuildPhase;
			buildActionMask = 2147483647;
			files = (
				DAD676341C88BD6D00AC41FD /* msettings.m in Sources */,
				DAD6763E1C88BE9F00AC41FD /* valert.m in Sources */,
				DAD6762E1C88BD6D00AC41FD /* cmain.m in Sources */,
				DACCC13E1C8E1A3400754C2C /* mchallengeoperandint.m in Sources */,
				DACCC1311C8DED0600754C2C /* scourseadd1.m in Sources */,
				DA894E5D1C90B42300EDD0F4 /* vplayitemloader.m in Sources */,
				DACCC1541C8E470700754C2C /* mplayitemcellequals.m in Sources */,
				DACCC1251C8DC86B00754C2C /* mchallenge.m in Sources */,
				DAD676281C88BD6D00AC41FD /* main.m in Sources */,
				DACCC12E1C8DE5D500754C2C /* scourse.m in Sources */,
				DAD676361C88BD6D00AC41FD /* vblur.m in Sources */,
				DA2A09ED1C892499003A19F6 /* mcourseitemchapter.m in Sources */,
				DACCC14B1C8E443900754C2C /* mplayitemcell.m in Sources */,
				DA2A09DB1C892232003A19F6 /* mcourse.m in Sources */,
				DACCC1411C8E1A4100754C2C /* mchallengeoperanddouble.m in Sources */,
				DA2A09D41C891890003A19F6 /* vstatsbar.m in Sources */,
				DA894E571C90B42300EDD0F4 /* vplayitemchallengeoperand.m in Sources */,
				DA2A09BC1C88DA99003A19F6 /* cstats.m in Sources */,
				DACCC1381C8DF21700754C2C /* moperationadd.m in Sources */,
				DA894E7D1C90D11000EDD0F4 /* vplayfinishgeneral.m in Sources */,
				DA2A09FB1C892586003A19F6 /* mcoursesubs2.m in Sources */,
				DA2A09F51C89256F003A19F6 /* mcourseadd2.m in Sources */,
				DA894E621C90B49400EDD0F4 /* vplayfinish.m in Sources */,
				DAD676301C88BD6D00AC41FD /* mdb.m in Sources */,
				DAD6763B1C88BE5E00AC41FD /* cpages.m in Sources */,
				DA894E771C90C44400EDD0F4 /* mplayfinishcellgeneral.m in Sources */,
				DA2A09F81C89257B003A19F6 /* mcoursesubs1.m in Sources */,
				DA2A09F21C892563003A19F6 /* mcourseadd1.m in Sources */,
				DA2A09C71C88E4A8003A19F6 /* cplayitem.m in Sources */,
				DACCC1351C8DF12200754C2C /* moperation.m in Sources */,
				DACCC1481C8E433400754C2C /* mplayitem.m in Sources */,
				DAD676261C88BD6D00AC41FD /* appdel.m in Sources */,
				DAD676331C88BD6D00AC41FD /* mdirs.m in Sources */,
				DAD676311C88BD6D00AC41FD /* mdbcreate.m in Sources */,
				DA894E651C90BB4100EDD0F4 /* vplayfinishbar.m in Sources */,
				DA46B9C61C8FB1E300AA8421 /* vclock.m in Sources */,
				DA894E5B1C90B42300EDD0F4 /* vplayitemchallengetriviainput.m in Sources */,
				DA894E561C90B42300EDD0F4 /* vplayitemchallengeequals.m in Sources */,
				DA894E6E1C90C30500EDD0F4 /* mplayfinish.m in Sources */,
				DA894E711C90C41900EDD0F4 /* mplayfinishcell.m in Sources */,
				DA894E5C1C90B42300EDD0F4 /* vplayitemcontrols.m in Sources */,
				DAD676381C88BD6D00AC41FD /* vspinner.m in Sources */,
				DA894E531C90B42300EDD0F4 /* vplayitem.m in Sources */,
				DACCC15A1C8E472B00754C2C /* mplayitemcelltrivia.m in Sources */,
				DA894E581C90B42300EDD0F4 /* vplayitemchallengeoperation.m in Sources */,
				DA894E6B1C90C08200EDD0F4 /* vplayfinishcell.m in Sources */,
				DAD676291C88BD6D00AC41FD /* analytics.m in Sources */,
				DA894E3B1C90B2FE00EDD0F4 /* cplayfinish.m in Sources */,
				DA894E741C90C42E00EDD0F4 /* mplayfinishcellfails.m in Sources */,
				DA46B9C91C8FB31D00AA8421 /* vclockline.m in Sources */,
				DACCC1571C8E471400754C2C /* mplayitemcellresult.m in Sources */,
				DA2A09D71C891B80003A19F6 /* vstatsinfo.m in Sources */,
				DA2A09FE1C893F3F003A19F6 /* vstatsheader.m in Sources */,
				DA894E541C90B42300EDD0F4 /* vplayitembar.m in Sources */,
				DA2A0A011C894007003A19F6 /* vstatscell.m in Sources */,
				DAD6762A1C88BD6D00AC41FD /* tools.m in Sources */,
				DACCC1511C8E46EB00754C2C /* mplayitemcelloperation.m in Sources */,
				DACCC1281C8DE42700754C2C /* mchallengetime.m in Sources */,
				DACCC13B1C8E025D00754C2C /* mchallengeoperand.m in Sources */,
				DA2A09C01C88DAD0003A19F6 /* vstats.m in Sources */,
				DA2A09EA1C892351003A19F6 /* mcourseitemsubs.m in Sources */,
				DA894E5A1C90B42300EDD0F4 /* vplayitemchallengetrivia.m in Sources */,
				DA2A09C41C88E3C6003A19F6 /* cplay.m in Sources */,
				DA2A09DE1C892277003A19F6 /* mcourseitem.m in Sources */,
				DA1098AD1C89E7A4007AB688 /* vstatsstatus.m in Sources */,
				DACCC14E1C8E46C500754C2C /* mplayitemcelloperand.m in Sources */,
				DA894E551C90B42300EDD0F4 /* vplayitemchallenge.m in Sources */,
				DA894E681C90BE7200EDD0F4 /* vplayfinishpaychart.m in Sources */,
				DA894E7A1C90C45100EDD0F4 /* mplayfinishcellpoints.m in Sources */,
				DAD676371C88BD6D00AC41FD /* viewbase.m in Sources */,
				DA894E591C90B42300EDD0F4 /* vplayitemchallengeresult.m in Sources */,
				DA2A09E71C892347003A19F6 /* mcourseitemadd.m in Sources */,
				DAD6762B1C88BD6D00AC41FD /* updater.m in Sources */,
			);
			runOnlyForDeploymentPostprocessing = 0;
		};
/* End PBXSourcesBuildPhase section */

/* Begin PBXVariantGroup section */
		DAD675E11C88BD6D00AC41FD /* Localizable.strings */ = {
			isa = PBXVariantGroup;
			children = (
				DAD675E21C88BD6D00AC41FD /* en */,
				DAD675E31C88BD6D00AC41FD /* es */,
			);
			name = Localizable.strings;
			sourceTree = "<group>";
		};
/* End PBXVariantGroup section */

/* Begin XCBuildConfiguration section */
		DA40FBC51C88A4F5009B974B /* Debug */ = {
			isa = XCBuildConfiguration;
			buildSettings = {
				ALWAYS_SEARCH_USER_PATHS = NO;
				CLANG_CXX_LANGUAGE_STANDARD = "gnu++0x";
				CLANG_CXX_LIBRARY = "libc++";
				CLANG_ENABLE_MODULES = YES;
				CLANG_ENABLE_OBJC_ARC = YES;
				CLANG_WARN_BOOL_CONVERSION = YES;
				CLANG_WARN_CONSTANT_CONVERSION = YES;
				CLANG_WARN_DIRECT_OBJC_ISA_USAGE = YES_ERROR;
				CLANG_WARN_EMPTY_BODY = YES;
				CLANG_WARN_ENUM_CONVERSION = YES;
				CLANG_WARN_INT_CONVERSION = YES;
				CLANG_WARN_OBJC_ROOT_CLASS = YES_ERROR;
				CLANG_WARN_UNREACHABLE_CODE = YES;
				CLANG_WARN__DUPLICATE_METHOD_MATCH = YES;
				"CODE_SIGN_IDENTITY[sdk=iphoneos*]" = "iPhone Developer";
				COPY_PHASE_STRIP = NO;
				DEBUG_INFORMATION_FORMAT = dwarf;
				ENABLE_STRICT_OBJC_MSGSEND = YES;
				ENABLE_TESTABILITY = YES;
				GCC_C_LANGUAGE_STANDARD = gnu99;
				GCC_DYNAMIC_NO_PIC = NO;
				GCC_NO_COMMON_BLOCKS = YES;
				GCC_OPTIMIZATION_LEVEL = 0;
				GCC_PREPROCESSOR_DEFINITIONS = (
					"DEBUG=1",
					"$(inherited)",
				);
				GCC_WARN_64_TO_32_BIT_CONVERSION = YES;
				GCC_WARN_ABOUT_RETURN_TYPE = YES_ERROR;
				GCC_WARN_UNDECLARED_SELECTOR = YES;
				GCC_WARN_UNINITIALIZED_AUTOS = YES_AGGRESSIVE;
				GCC_WARN_UNUSED_FUNCTION = YES;
				GCC_WARN_UNUSED_VARIABLE = YES;
				IPHONEOS_DEPLOYMENT_TARGET = 7.0;
				MTL_ENABLE_DEBUG_INFO = YES;
				ONLY_ACTIVE_ARCH = YES;
				SDKROOT = iphoneos;
				TARGETED_DEVICE_FAMILY = "1,2";
			};
			name = Debug;
		};
		DA40FBC61C88A4F5009B974B /* Release */ = {
			isa = XCBuildConfiguration;
			buildSettings = {
				ALWAYS_SEARCH_USER_PATHS = NO;
				CLANG_CXX_LANGUAGE_STANDARD = "gnu++0x";
				CLANG_CXX_LIBRARY = "libc++";
				CLANG_ENABLE_MODULES = YES;
				CLANG_ENABLE_OBJC_ARC = YES;
				CLANG_WARN_BOOL_CONVERSION = YES;
				CLANG_WARN_CONSTANT_CONVERSION = YES;
				CLANG_WARN_DIRECT_OBJC_ISA_USAGE = YES_ERROR;
				CLANG_WARN_EMPTY_BODY = YES;
				CLANG_WARN_ENUM_CONVERSION = YES;
				CLANG_WARN_INT_CONVERSION = YES;
				CLANG_WARN_OBJC_ROOT_CLASS = YES_ERROR;
				CLANG_WARN_UNREACHABLE_CODE = YES;
				CLANG_WARN__DUPLICATE_METHOD_MATCH = YES;
				"CODE_SIGN_IDENTITY[sdk=iphoneos*]" = "iPhone Developer";
				COPY_PHASE_STRIP = NO;
				DEBUG_INFORMATION_FORMAT = "dwarf-with-dsym";
				ENABLE_NS_ASSERTIONS = NO;
				ENABLE_STRICT_OBJC_MSGSEND = YES;
				GCC_C_LANGUAGE_STANDARD = gnu99;
				GCC_NO_COMMON_BLOCKS = YES;
				GCC_WARN_64_TO_32_BIT_CONVERSION = YES;
				GCC_WARN_ABOUT_RETURN_TYPE = YES_ERROR;
				GCC_WARN_UNDECLARED_SELECTOR = YES;
				GCC_WARN_UNINITIALIZED_AUTOS = YES_AGGRESSIVE;
				GCC_WARN_UNUSED_FUNCTION = YES;
				GCC_WARN_UNUSED_VARIABLE = YES;
				IPHONEOS_DEPLOYMENT_TARGET = 7.0;
				MTL_ENABLE_DEBUG_INFO = NO;
				SDKROOT = iphoneos;
				TARGETED_DEVICE_FAMILY = "1,2";
				VALIDATE_PRODUCT = YES;
			};
			name = Release;
		};
		DA40FBC81C88A4F5009B974B /* Debug */ = {
			isa = XCBuildConfiguration;
			baseConfigurationReference = 3F43EDE9F8684A076E74D99C /* Pods-Gauss.debug.xcconfig */;
			buildSettings = {
				ASSETCATALOG_COMPILER_APPICON_NAME = AppIcon;
				ASSETCATALOG_COMPILER_LAUNCHIMAGE_NAME = "Brand Assets";
				ENABLE_BITCODE = NO;
				INFOPLIST_FILE = "$(SRCROOT)/Gauss/sourceteq/core/Info.plist";
				LD_RUNPATH_SEARCH_PATHS = "$(inherited) @executable_path/Frameworks";
				LIBRARY_SEARCH_PATHS = (
					"$(inherited)",
					"$(PROJECT_DIR)/Gauss/sourceteq",
				);
				PRODUCT_BUNDLE_IDENTIFIER = iturbide.Gauss;
				PRODUCT_NAME = "$(TARGET_NAME)";
				TARGETED_DEVICE_FAMILY = "1,2";
			};
			name = Debug;
		};
		DA40FBC91C88A4F5009B974B /* Release */ = {
			isa = XCBuildConfiguration;
			baseConfigurationReference = 1041ABD466E7E956A4BCCEC7 /* Pods-Gauss.release.xcconfig */;
			buildSettings = {
				ASSETCATALOG_COMPILER_APPICON_NAME = AppIcon;
				ASSETCATALOG_COMPILER_LAUNCHIMAGE_NAME = "Brand Assets";
				ENABLE_BITCODE = NO;
				INFOPLIST_FILE = "$(SRCROOT)/Gauss/sourceteq/core/Info.plist";
				LD_RUNPATH_SEARCH_PATHS = "$(inherited) @executable_path/Frameworks";
				LIBRARY_SEARCH_PATHS = (
					"$(inherited)",
					"$(PROJECT_DIR)/Gauss/sourceteq",
				);
				PRODUCT_BUNDLE_IDENTIFIER = iturbide.Gauss;
				PRODUCT_NAME = "$(TARGET_NAME)";
				TARGETED_DEVICE_FAMILY = "1,2";
			};
			name = Release;
		};
/* End XCBuildConfiguration section */

/* Begin XCConfigurationList section */
		DA40FBAB1C88A4F5009B974B /* Build configuration list for PBXProject "Gauss" */ = {
			isa = XCConfigurationList;
			buildConfigurations = (
				DA40FBC51C88A4F5009B974B /* Debug */,
				DA40FBC61C88A4F5009B974B /* Release */,
			);
			defaultConfigurationIsVisible = 0;
			defaultConfigurationName = Release;
		};
		DA40FBC71C88A4F5009B974B /* Build configuration list for PBXNativeTarget "Gauss" */ = {
			isa = XCConfigurationList;
			buildConfigurations = (
				DA40FBC81C88A4F5009B974B /* Debug */,
				DA40FBC91C88A4F5009B974B /* Release */,
			);
			defaultConfigurationIsVisible = 0;
			defaultConfigurationName = Release;
		};
/* End XCConfigurationList section */
	};
	rootObject = DA40FBA81C88A4F5009B974B /* Project object */;
}
